
Microsoft Visual Studio Solution File, Format Version 12.00
# Visual Studio 2012
Project("{FAE04EC0-301F-11D3-BF4B-00C04F79EFBC}") = "GenericList", "GenericList\GenericList.csproj", "{77248CF7-EF02-404A-8160-037D3B8CC191}"
EndProject
Global
	GlobalSection(SolutionConfigurationPlatforms) = preSolution
		Debug|x86 = Debug|x86
		Release|x86 = Release|x86
	EndGlobalSection
	GlobalSection(ProjectConfigurationPlatforms) = postSolution
		{77248CF7-EF02-404A-8160-037D3B8CC191}.Debug|x86.ActiveCfg = Debug|x86
		{77248CF7-EF02-404A-8160-037D3B8CC191}.Debug|x86.Build.0 = Debug|x86
		{77248CF7-EF02-404A-8160-037D3B8CC191}.Release|x86.ActiveCfg = Release|x86
		{77248CF7-EF02-404A-8160-037D3B8CC191}.Release|x86.Build.0 = Release|x86
	EndGlobalSection
EndGlobal
